
Microsoft Visual Studio Solution File, Format Version 12.00
# Visual Studio 15
VisualStudioVersion = 15.0.27428.1
MinimumVisualStudioVersion = 10.0.40219.1
Project("{A0786B88-2ADB-4C21-ABE8-AA2D79766269}") = "Container_ceta", "Container_ceta\Container_ceta.phpproj", "{9D072FA8-69F5-4299-8603-749405DD7212}"
EndProject
Global
	GlobalSection(SolutionConfigurationPlatforms) = preSolution
		Debug|Any CPU = Debug|Any CPU
		Release|Any CPU = Release|Any CPU
	EndGlobalSection
	GlobalSection(ProjectConfigurationPlatforms) = postSolution
		{9D072FA8-69F5-4299-8603-749405DD7212}.Debug|Any CPU.ActiveCfg = Debug|Any CPU
		{9D072FA8-69F5-4299-8603-749405DD7212}.Release|Any CPU.ActiveCfg = Release|Any CPU
	EndGlobalSection
	GlobalSection(SolutionProperties) = preSolution
		HideSolutionNode = FALSE
	EndGlobalSection
	GlobalSection(ExtensibilityGlobals) = postSolution
		SolutionGuid = {005AC3C9-2C8E-4429-A256-30F13461F098}
	EndGlobalSection
EndGlobal
